
Microsoft Visual Studio Solution File, Format Version 12.00
# Visual Studio 15
VisualStudioVersion = 15.0.27130.2010
MinimumVisualStudioVersion = 10.0.40219.1
Project("{FAE04EC0-301F-11D3-BF4B-00C04F79EFBC}") = "BetterNavigation", "BetterNavigation\BetterNavigation.csproj", "{CF8573AD-1FC6-498A-B3D8-A8CEAE626D92}"
EndProject
Project("{FAE04EC0-301F-11D3-BF4B-00C04F79EFBC}") = "BetterNavigation.iOS", "BetterNavigation.iOS\BetterNavigation.iOS.csproj", "{63963750-2CAC-486E-99D4-EFA9AAB17C39}"
EndProject
Global
	GlobalSection(SolutionConfigurationPlatforms) = preSolution
		Debug|Any CPU = Debug|Any CPU
		Release|Any CPU = Release|Any CPU
	EndGlobalSection
	GlobalSection(ProjectConfigurationPlatforms) = postSolution
		{CF8573AD-1FC6-498A-B3D8-A8CEAE626D92}.Debug|Any CPU.ActiveCfg = Debug|Any CPU
		{CF8573AD-1FC6-498A-B3D8-A8CEAE626D92}.Debug|Any CPU.Build.0 = Debug|Any CPU
		{CF8573AD-1FC6-498A-B3D8-A8CEAE626D92}.Release|Any CPU.ActiveCfg = Release|Any CPU
		{CF8573AD-1FC6-498A-B3D8-A8CEAE626D92}.Release|Any CPU.Build.0 = Release|Any CPU
		{63963750-2CAC-486E-99D4-EFA9AAB17C39}.Debug|Any CPU.ActiveCfg = Debug|Any CPU
		{63963750-2CAC-486E-99D4-EFA9AAB17C39}.Debug|Any CPU.Build.0 = Debug|Any CPU
		{63963750-2CAC-486E-99D4-EFA9AAB17C39}.Release|Any CPU.ActiveCfg = Release|Any CPU
		{63963750-2CAC-486E-99D4-EFA9AAB17C39}.Release|Any CPU.Build.0 = Release|Any CPU
	EndGlobalSection
	GlobalSection(SolutionProperties) = preSolution
		HideSolutionNode = FALSE
	EndGlobalSection
	GlobalSection(ExtensibilityGlobals) = postSolution
		SolutionGuid = {4F5F7357-693F-4539-B7B7-5794096CA843}
	EndGlobalSection
EndGlobal
