
Microsoft Visual Studio Solution File, Format Version 12.00
# Visual Studio 15
VisualStudioVersion = 15.0.27130.2010
MinimumVisualStudioVersion = 10.0.40219.1
Project("{FAE04EC0-301F-11D3-BF4B-00C04F79EFBC}") = "BetterNavigation", "BetterNavigation\BetterNavigation.csproj", "{CF8573AD-1FC6-498A-B3D8-A8CEAE626D92}"
EndProject
Project("{FAE04EC0-301F-11D3-BF4B-00C04F79EFBC}") = "BetterNavigation.iOS", "BetterNavigation.iOS\BetterNavigation.iOS.csproj", "{63963750-2CAC-486E-99D4-EFA9AAB17C39}"
EndProject
Project("{2150E333-8FDC-42A3-9474-1A3956D46DE8}") = "Samples", "Samples", "{C222772D-FA2C-4A5A-B9CB-576C5CBB451E}"
EndProject
Project("{FAE04EC0-301F-11D3-BF4B-00C04F79EFBC}") = "Demo.iOS", "Demo\Demo.iOS\Demo.iOS.csproj", "{5B6C6AAE-0296-418C-9087-F75313C051E8}"
EndProject
Project("{FAE04EC0-301F-11D3-BF4B-00C04F79EFBC}") = "Demo", "Demo\Demo\Demo.csproj", "{F475A3E1-3210-4BEA-8B58-3CB245458006}"
EndProject
Global
	GlobalSection(SolutionConfigurationPlatforms) = preSolution
		Ad-Hoc|Any CPU = Ad-Hoc|Any CPU
		Ad-Hoc|iPhone = Ad-Hoc|iPhone
		Ad-Hoc|iPhoneSimulator = Ad-Hoc|iPhoneSimulator
		AppStore|Any CPU = AppStore|Any CPU
		AppStore|iPhone = AppStore|iPhone
		AppStore|iPhoneSimulator = AppStore|iPhoneSimulator
		Debug|Any CPU = Debug|Any CPU
		Debug|iPhone = Debug|iPhone
		Debug|iPhoneSimulator = Debug|iPhoneSimulator
		Release|Any CPU = Release|Any CPU
		Release|iPhone = Release|iPhone
		Release|iPhoneSimulator = Release|iPhoneSimulator
	EndGlobalSection
	GlobalSection(ProjectConfigurationPlatforms) = postSolution
		{CF8573AD-1FC6-498A-B3D8-A8CEAE626D92}.Ad-Hoc|Any CPU.ActiveCfg = Debug|Any CPU
		{CF8573AD-1FC6-498A-B3D8-A8CEAE626D92}.Ad-Hoc|Any CPU.Build.0 = Debug|Any CPU
		{CF8573AD-1FC6-498A-B3D8-A8CEAE626D92}.Ad-Hoc|iPhone.ActiveCfg = Debug|Any CPU
		{CF8573AD-1FC6-498A-B3D8-A8CEAE626D92}.Ad-Hoc|iPhone.Build.0 = Debug|Any CPU
		{CF8573AD-1FC6-498A-B3D8-A8CEAE626D92}.Ad-Hoc|iPhoneSimulator.ActiveCfg = Debug|Any CPU
		{CF8573AD-1FC6-498A-B3D8-A8CEAE626D92}.Ad-Hoc|iPhoneSimulator.Build.0 = Debug|Any CPU
		{CF8573AD-1FC6-498A-B3D8-A8CEAE626D92}.AppStore|Any CPU.ActiveCfg = Debug|Any CPU
		{CF8573AD-1FC6-498A-B3D8-A8CEAE626D92}.AppStore|Any CPU.Build.0 = Debug|Any CPU
		{CF8573AD-1FC6-498A-B3D8-A8CEAE626D92}.AppStore|iPhone.ActiveCfg = Debug|Any CPU
		{CF8573AD-1FC6-498A-B3D8-A8CEAE626D92}.AppStore|iPhone.Build.0 = Debug|Any CPU
		{CF8573AD-1FC6-498A-B3D8-A8CEAE626D92}.AppStore|iPhoneSimulator.ActiveCfg = Debug|Any CPU
		{CF8573AD-1FC6-498A-B3D8-A8CEAE626D92}.AppStore|iPhoneSimulator.Build.0 = Debug|Any CPU
		{CF8573AD-1FC6-498A-B3D8-A8CEAE626D92}.Debug|Any CPU.ActiveCfg = Debug|Any CPU
		{CF8573AD-1FC6-498A-B3D8-A8CEAE626D92}.Debug|Any CPU.Build.0 = Debug|Any CPU
		{CF8573AD-1FC6-498A-B3D8-A8CEAE626D92}.Debug|iPhone.ActiveCfg = Debug|Any CPU
		{CF8573AD-1FC6-498A-B3D8-A8CEAE626D92}.Debug|iPhone.Build.0 = Debug|Any CPU
		{CF8573AD-1FC6-498A-B3D8-A8CEAE626D92}.Debug|iPhoneSimulator.ActiveCfg = Debug|Any CPU
		{CF8573AD-1FC6-498A-B3D8-A8CEAE626D92}.Debug|iPhoneSimulator.Build.0 = Debug|Any CPU
		{CF8573AD-1FC6-498A-B3D8-A8CEAE626D92}.Release|Any CPU.ActiveCfg = Release|Any CPU
		{CF8573AD-1FC6-498A-B3D8-A8CEAE626D92}.Release|Any CPU.Build.0 = Release|Any CPU
		{CF8573AD-1FC6-498A-B3D8-A8CEAE626D92}.Release|iPhone.ActiveCfg = Release|Any CPU
		{CF8573AD-1FC6-498A-B3D8-A8CEAE626D92}.Release|iPhone.Build.0 = Release|Any CPU
		{CF8573AD-1FC6-498A-B3D8-A8CEAE626D92}.Release|iPhoneSimulator.ActiveCfg = Release|Any CPU
		{CF8573AD-1FC6-498A-B3D8-A8CEAE626D92}.Release|iPhoneSimulator.Build.0 = Release|Any CPU
		{63963750-2CAC-486E-99D4-EFA9AAB17C39}.Ad-Hoc|Any CPU.ActiveCfg = Release|Any CPU
		{63963750-2CAC-486E-99D4-EFA9AAB17C39}.Ad-Hoc|Any CPU.Build.0 = Release|Any CPU
		{63963750-2CAC-486E-99D4-EFA9AAB17C39}.Ad-Hoc|iPhone.ActiveCfg = Release|Any CPU
		{63963750-2CAC-486E-99D4-EFA9AAB17C39}.Ad-Hoc|iPhone.Build.0 = Release|Any CPU
		{63963750-2CAC-486E-99D4-EFA9AAB17C39}.Ad-Hoc|iPhoneSimulator.ActiveCfg = Release|Any CPU
		{63963750-2CAC-486E-99D4-EFA9AAB17C39}.Ad-Hoc|iPhoneSimulator.Build.0 = Release|Any CPU
		{63963750-2CAC-486E-99D4-EFA9AAB17C39}.AppStore|Any CPU.ActiveCfg = Release|Any CPU
		{63963750-2CAC-486E-99D4-EFA9AAB17C39}.AppStore|Any CPU.Build.0 = Release|Any CPU
		{63963750-2CAC-486E-99D4-EFA9AAB17C39}.AppStore|iPhone.ActiveCfg = Release|Any CPU
		{63963750-2CAC-486E-99D4-EFA9AAB17C39}.AppStore|iPhone.Build.0 = Release|Any CPU
		{63963750-2CAC-486E-99D4-EFA9AAB17C39}.AppStore|iPhoneSimulator.ActiveCfg = Release|Any CPU
		{63963750-2CAC-486E-99D4-EFA9AAB17C39}.AppStore|iPhoneSimulator.Build.0 = Release|Any CPU
		{63963750-2CAC-486E-99D4-EFA9AAB17C39}.Debug|Any CPU.ActiveCfg = Debug|Any CPU
		{63963750-2CAC-486E-99D4-EFA9AAB17C39}.Debug|Any CPU.Build.0 = Debug|Any CPU
		{63963750-2CAC-486E-99D4-EFA9AAB17C39}.Debug|iPhone.ActiveCfg = Debug|Any CPU
		{63963750-2CAC-486E-99D4-EFA9AAB17C39}.Debug|iPhone.Build.0 = Debug|Any CPU
		{63963750-2CAC-486E-99D4-EFA9AAB17C39}.Debug|iPhoneSimulator.ActiveCfg = Debug|Any CPU
		{63963750-2CAC-486E-99D4-EFA9AAB17C39}.Debug|iPhoneSimulator.Build.0 = Debug|Any CPU
		{63963750-2CAC-486E-99D4-EFA9AAB17C39}.Release|Any CPU.ActiveCfg = Release|Any CPU
		{63963750-2CAC-486E-99D4-EFA9AAB17C39}.Release|Any CPU.Build.0 = Release|Any CPU
		{63963750-2CAC-486E-99D4-EFA9AAB17C39}.Release|iPhone.ActiveCfg = Release|Any CPU
		{63963750-2CAC-486E-99D4-EFA9AAB17C39}.Release|iPhone.Build.0 = Release|Any CPU
		{63963750-2CAC-486E-99D4-EFA9AAB17C39}.Release|iPhoneSimulator.ActiveCfg = Release|Any CPU
		{63963750-2CAC-486E-99D4-EFA9AAB17C39}.Release|iPhoneSimulator.Build.0 = Release|Any CPU
		{5B6C6AAE-0296-418C-9087-F75313C051E8}.Ad-Hoc|Any CPU.ActiveCfg = Ad-Hoc|iPhone
		{5B6C6AAE-0296-418C-9087-F75313C051E8}.Ad-Hoc|iPhone.ActiveCfg = Ad-Hoc|iPhone
		{5B6C6AAE-0296-418C-9087-F75313C051E8}.Ad-Hoc|iPhone.Build.0 = Ad-Hoc|iPhone
		{5B6C6AAE-0296-418C-9087-F75313C051E8}.Ad-Hoc|iPhoneSimulator.ActiveCfg = Ad-Hoc|iPhoneSimulator
		{5B6C6AAE-0296-418C-9087-F75313C051E8}.Ad-Hoc|iPhoneSimulator.Build.0 = Ad-Hoc|iPhoneSimulator
		{5B6C6AAE-0296-418C-9087-F75313C051E8}.AppStore|Any CPU.ActiveCfg = AppStore|iPhone
		{5B6C6AAE-0296-418C-9087-F75313C051E8}.AppStore|iPhone.ActiveCfg = AppStore|iPhone
		{5B6C6AAE-0296-418C-9087-F75313C051E8}.AppStore|iPhone.Build.0 = AppStore|iPhone
		{5B6C6AAE-0296-418C-9087-F75313C051E8}.AppStore|iPhoneSimulator.ActiveCfg = AppStore|iPhoneSimulator
		{5B6C6AAE-0296-418C-9087-F75313C051E8}.AppStore|iPhoneSimulator.Build.0 = AppStore|iPhoneSimulator
		{5B6C6AAE-0296-418C-9087-F75313C051E8}.Debug|Any CPU.ActiveCfg = Debug|iPhone
		{5B6C6AAE-0296-418C-9087-F75313C051E8}.Debug|iPhone.ActiveCfg = Debug|iPhone
		{5B6C6AAE-0296-418C-9087-F75313C051E8}.Debug|iPhone.Build.0 = Debug|iPhone
		{5B6C6AAE-0296-418C-9087-F75313C051E8}.Debug|iPhoneSimulator.ActiveCfg = Debug|iPhoneSimulator
		{5B6C6AAE-0296-418C-9087-F75313C051E8}.Debug|iPhoneSimulator.Build.0 = Debug|iPhoneSimulator
		{5B6C6AAE-0296-418C-9087-F75313C051E8}.Release|Any CPU.ActiveCfg = Release|iPhone
		{5B6C6AAE-0296-418C-9087-F75313C051E8}.Release|iPhone.ActiveCfg = Release|iPhone
		{5B6C6AAE-0296-418C-9087-F75313C051E8}.Release|iPhone.Build.0 = Release|iPhone
		{5B6C6AAE-0296-418C-9087-F75313C051E8}.Release|iPhoneSimulator.ActiveCfg = Release|iPhoneSimulator
		{5B6C6AAE-0296-418C-9087-F75313C051E8}.Release|iPhoneSimulator.Build.0 = Release|iPhoneSimulator
		{F475A3E1-3210-4BEA-8B58-3CB245458006}.Ad-Hoc|Any CPU.ActiveCfg = Debug|Any CPU
		{F475A3E1-3210-4BEA-8B58-3CB245458006}.Ad-Hoc|Any CPU.Build.0 = Debug|Any CPU
		{F475A3E1-3210-4BEA-8B58-3CB245458006}.Ad-Hoc|iPhone.ActiveCfg = Debug|Any CPU
		{F475A3E1-3210-4BEA-8B58-3CB245458006}.Ad-Hoc|iPhone.Build.0 = Debug|Any CPU
		{F475A3E1-3210-4BEA-8B58-3CB245458006}.Ad-Hoc|iPhoneSimulator.ActiveCfg = Debug|Any CPU
		{F475A3E1-3210-4BEA-8B58-3CB245458006}.Ad-Hoc|iPhoneSimulator.Build.0 = Debug|Any CPU
		{F475A3E1-3210-4BEA-8B58-3CB245458006}.AppStore|Any CPU.ActiveCfg = Debug|Any CPU
		{F475A3E1-3210-4BEA-8B58-3CB245458006}.AppStore|Any CPU.Build.0 = Debug|Any CPU
		{F475A3E1-3210-4BEA-8B58-3CB245458006}.AppStore|iPhone.ActiveCfg = Debug|Any CPU
		{F475A3E1-3210-4BEA-8B58-3CB245458006}.AppStore|iPhone.Build.0 = Debug|Any CPU
		{F475A3E1-3210-4BEA-8B58-3CB245458006}.AppStore|iPhoneSimulator.ActiveCfg = Debug|Any CPU
		{F475A3E1-3210-4BEA-8B58-3CB245458006}.AppStore|iPhoneSimulator.Build.0 = Debug|Any CPU
		{F475A3E1-3210-4BEA-8B58-3CB245458006}.Debug|Any CPU.ActiveCfg = Debug|Any CPU
		{F475A3E1-3210-4BEA-8B58-3CB245458006}.Debug|Any CPU.Build.0 = Debug|Any CPU
		{F475A3E1-3210-4BEA-8B58-3CB245458006}.Debug|iPhone.ActiveCfg = Debug|Any CPU
		{F475A3E1-3210-4BEA-8B58-3CB245458006}.Debug|iPhone.Build.0 = Debug|Any CPU
		{F475A3E1-3210-4BEA-8B58-3CB245458006}.Debug|iPhoneSimulator.ActiveCfg = Debug|Any CPU
		{F475A3E1-3210-4BEA-8B58-3CB245458006}.Debug|iPhoneSimulator.Build.0 = Debug|Any CPU
		{F475A3E1-3210-4BEA-8B58-3CB245458006}.Release|Any CPU.ActiveCfg = Release|Any CPU
		{F475A3E1-3210-4BEA-8B58-3CB245458006}.Release|Any CPU.Build.0 = Release|Any CPU
		{F475A3E1-3210-4BEA-8B58-3CB245458006}.Release|iPhone.ActiveCfg = Release|Any CPU
		{F475A3E1-3210-4BEA-8B58-3CB245458006}.Release|iPhone.Build.0 = Release|Any CPU
		{F475A3E1-3210-4BEA-8B58-3CB245458006}.Release|iPhoneSimulator.ActiveCfg = Release|Any CPU
		{F475A3E1-3210-4BEA-8B58-3CB245458006}.Release|iPhoneSimulator.Build.0 = Release|Any CPU
	EndGlobalSection
	GlobalSection(SolutionProperties) = preSolution
		HideSolutionNode = FALSE
	EndGlobalSection
	GlobalSection(NestedProjects) = preSolution
		{5B6C6AAE-0296-418C-9087-F75313C051E8} = {C222772D-FA2C-4A5A-B9CB-576C5CBB451E}
	EndGlobalSection
	GlobalSection(ExtensibilityGlobals) = postSolution
		SolutionGuid = {4F5F7357-693F-4539-B7B7-5794096CA843}
	EndGlobalSection
EndGlobal
